
Microsoft Visual Studio Solution File, Format Version 12.00
# Visual Studio 2015
Project("{FAE04EC0-301F-11D3-BF4B-00C04F79EFBC}") = "UnityML.CSharp", "UnityML.CSharp.csproj", "{7D9F15B4-C810-52FA-592C-29EF4E145984}"
EndProject
Global
	GlobalSection(SolutionConfigurationPlatforms) = preSolution
		Debug|Any CPU = Debug|Any CPU
		Release|Any CPU = Release|Any CPU
	EndGlobalSection
	GlobalSection(ProjectConfigurationPlatforms) = postSolution
		{7D9F15B4-C810-52FA-592C-29EF4E145984}.Debug|Any CPU.ActiveCfg = Debug|Any CPU
		{7D9F15B4-C810-52FA-592C-29EF4E145984}.Debug|Any CPU.Build.0 = Debug|Any CPU
		{7D9F15B4-C810-52FA-592C-29EF4E145984}.Release|Any CPU.ActiveCfg = Release|Any CPU
		{7D9F15B4-C810-52FA-592C-29EF4E145984}.Release|Any CPU.Build.0 = Release|Any CPU
	EndGlobalSection
	GlobalSection(SolutionProperties) = preSolution
		HideSolutionNode = FALSE
	EndGlobalSection
EndGlobal
